
Microsoft Visual Studio Solution File, Format Version 12.00
# Visual Studio Version 17
VisualStudioVersion = 17.3.32929.385
MinimumVisualStudioVersion = 10.0.40219.1
Project("{9A19103F-16F7-4668-BE54-9A1E7A4F7556}") = "Pace.Common", "src\Pace.Common\Pace.Common.csproj", "{2E8CC7EB-3A2C-4725-B049-96526845427B}"
EndProject
Project("{9A19103F-16F7-4668-BE54-9A1E7A4F7556}") = "Pace.Client", "src\Pace.Client\Pace.Client.csproj", "{CEDC3113-F0F5-4E4B-9A09-272099F64374}"
EndProject
Project("{9A19103F-16F7-4668-BE54-9A1E7A4F7556}") = "Pace.Server", "src\Pace.Server\Pace.Server.csproj", "{CC9350AE-94A6-4E90-9202-230B451F71F6}"
EndProject
Global
	GlobalSection(SolutionConfigurationPlatforms) = preSolution
		Debug|Any CPU = Debug|Any CPU
		Release|Any CPU = Release|Any CPU
	EndGlobalSection
	GlobalSection(ProjectConfigurationPlatforms) = postSolution
		{2E8CC7EB-3A2C-4725-B049-96526845427B}.Debug|Any CPU.ActiveCfg = Debug|Any CPU
		{2E8CC7EB-3A2C-4725-B049-96526845427B}.Debug|Any CPU.Build.0 = Debug|Any CPU
		{2E8CC7EB-3A2C-4725-B049-96526845427B}.Release|Any CPU.ActiveCfg = Release|Any CPU
		{2E8CC7EB-3A2C-4725-B049-96526845427B}.Release|Any CPU.Build.0 = Release|Any CPU
		{CEDC3113-F0F5-4E4B-9A09-272099F64374}.Debug|Any CPU.ActiveCfg = Debug|Any CPU
		{CEDC3113-F0F5-4E4B-9A09-272099F64374}.Debug|Any CPU.Build.0 = Debug|Any CPU
		{CEDC3113-F0F5-4E4B-9A09-272099F64374}.Release|Any CPU.ActiveCfg = Release|Any CPU
		{CEDC3113-F0F5-4E4B-9A09-272099F64374}.Release|Any CPU.Build.0 = Release|Any CPU
		{CC9350AE-94A6-4E90-9202-230B451F71F6}.Debug|Any CPU.ActiveCfg = Debug|Any CPU
		{CC9350AE-94A6-4E90-9202-230B451F71F6}.Debug|Any CPU.Build.0 = Debug|Any CPU
		{CC9350AE-94A6-4E90-9202-230B451F71F6}.Release|Any CPU.ActiveCfg = Release|Any CPU
		{CC9350AE-94A6-4E90-9202-230B451F71F6}.Release|Any CPU.Build.0 = Release|Any CPU
	EndGlobalSection
	GlobalSection(SolutionProperties) = preSolution
		HideSolutionNode = FALSE
	EndGlobalSection
	GlobalSection(ExtensibilityGlobals) = postSolution
		SolutionGuid = {5358E501-A28D-4D1D-8DB4-19C0B5DEEC72}
	EndGlobalSection
EndGlobal
